{
  "name": "desaprendiendoMetanfetamina",
  "lockfileVersion": 3,
  "requires": true,
  "packages": {
    "": {
      "dependencies": {
        "spicy": "^0.1.0"
      }
    },
    "node_modules/spicy": {
      "version": "0.1.0",
      "resolved": "https://registry.npmjs.org/spicy/-/spicy-0.1.0.tgz",
      "integrity": "sha512-A+/U3hHfTP1HOmTxFWRPSHTpSwaWb1b8asuc2Cyq2pPGquLeZFNSDP37rEzLR9OMttij3SyMn3vlc8b37NqRhA==",
      "license": "MIT"
    }
  }
}
